// !$*UTF8*$!
{
	archiveVersion = 1;
	classes = {
	};
	objectVersion = 46;
	objects = {

/* Begin PBXBuildFile section */
		01AF18731C6BCC0800573C2E /* AppDelegate.swift in Sources */ = {isa = PBXBuildFile; fileRef = 01AF18721C6BCC0800573C2E /* AppDelegate.swift */; };
		01AF18751C6BCC0800573C2E /* ViewController.swift in Sources */ = {isa = PBXBuildFile; fileRef = 01AF18741C6BCC0800573C2E /* ViewController.swift */; };
		01AF18781C6BCC0800573C2E /* Main.storyboard in Resources */ = {isa = PBXBuildFile; fileRef = 01AF18761C6BCC0800573C2E /* Main.storyboard */; };
		01AF187A1C6BCC0800573C2E /* Assets.xcassets in Resources */ = {isa = PBXBuildFile; fileRef = 01AF18791C6BCC0800573C2E /* Assets.xcassets */; };
		01AF187D1C6BCC0800573C2E /* LaunchScreen.storyboard in Resources */ = {isa = PBXBuildFile; fileRef = 01AF187B1C6BCC0800573C2E /* LaunchScreen.storyboard */; };
		01AF18871C6BCDD600573C2E /* CurrentWeather.swift in Sources */ = {isa = PBXBuildFile; fileRef = 01AF18861C6BCDD600573C2E /* CurrentWeather.swift */; };
		01AF18891C6C1A9600573C2E /* Network.swift in Sources */ = {isa = PBXBuildFile; fileRef = 01AF18881C6C1A9600573C2E /* Network.swift */; };
		01AF188B1C6C20BA00573C2E /* Forecast.swift in Sources */ = {isa = PBXBuildFile; fileRef = 01AF188A1C6C20BA00573C2E /* Forecast.swift */; };
		01AF18921C6C585200573C2E /* Daily.swift in Sources */ = {isa = PBXBuildFile; fileRef = 01AF18911C6C585200573C2E /* Daily.swift */; };
		01AF18941C6C5C9900573C2E /* Weather.swift in Sources */ = {isa = PBXBuildFile; fileRef = 01AF18931C6C5C9900573C2E /* Weather.swift */; };
		01C3CB5A1C6D13C800A39A75 /* DailyTableViewCell.swift in Sources */ = {isa = PBXBuildFile; fileRef = 01C3CB591C6D13C800A39A75 /* DailyTableViewCell.swift */; };
/* End PBXBuildFile section */

/* Begin PBXFileReference section */
		01AF186F1C6BCC0800573C2E /* BasicWeather.app */ = {isa = PBXFileReference; explicitFileType = wrapper.application; includeInIndex = 0; path = BasicWeather.app; sourceTree = BUILT_PRODUCTS_DIR; };
		01AF18721C6BCC0800573C2E /* AppDelegate.swift */ = {isa = PBXFileReference; lastKnownFileType = sourcecode.swift; path = AppDelegate.swift; sourceTree = "<group>"; };
		01AF18741C6BCC0800573C2E /* ViewController.swift */ = {isa = PBXFileReference; lastKnownFileType = sourcecode.swift; path = ViewController.swift; sourceTree = "<group>"; };
		01AF18771C6BCC0800573C2E /* Base */ = {isa = PBXFileReference; lastKnownFileType = file.storyboard; name = Base; path = Base.lproj/Main.storyboard; sourceTree = "<group>"; };
		01AF18791C6BCC0800573C2E /* Assets.xcassets */ = {isa = PBXFileReference; lastKnownFileType = folder.assetcatalog; path = Assets.xcassets; sourceTree = "<group>"; };
		01AF187C1C6BCC0800573C2E /* Base */ = {isa = PBXFileReference; lastKnownFileType = file.storyboard; name = Base; path = Base.lproj/LaunchScreen.storyboard; sourceTree = "<group>"; };
		01AF187E1C6BCC0800573C2E /* Info.plist */ = {isa = PBXFileReference; lastKnownFileType = text.plist.xml; path = Info.plist; sourceTree = "<group>"; };
		01AF18861C6BCDD600573C2E /* CurrentWeather.swift */ = {isa = PBXFileReference; fileEncoding = 4; lastKnownFileType = sourcecode.swift; path = CurrentWeather.swift; sourceTree = "<group>"; };
		01AF18881C6C1A9600573C2E /* Network.swift */ = {isa = PBXFileReference; fileEncoding = 4; lastKnownFileType = sourcecode.swift; path = Network.swift; sourceTree = "<group>"; };
		01AF188A1C6C20BA00573C2E /* Forecast.swift */ = {isa = PBXFileReference; fileEncoding = 4; lastKnownFileType = sourcecode.swift; path = Forecast.swift; sourceTree = "<group>"; };
		01AF18911C6C585200573C2E /* Daily.swift */ = {isa = PBXFileReference; fileEncoding = 4; lastKnownFileType = sourcecode.swift; path = Daily.swift; sourceTree = "<group>"; };
		01AF18931C6C5C9900573C2E /* Weather.swift */ = {isa = PBXFileReference; fileEncoding = 4; lastKnownFileType = sourcecode.swift; path = Weather.swift; sourceTree = "<group>"; };
		01C3CB591C6D13C800A39A75 /* DailyTableViewCell.swift */ = {isa = PBXFileReference; fileEncoding = 4; lastKnownFileType = sourcecode.swift; path = DailyTableViewCell.swift; sourceTree = "<group>"; };
/* End PBXFileReference section */

/* Begin PBXFrameworksBuildPhase section */
		01AF186C1C6BCC0800573C2E /* Frameworks */ = {
			isa = PBXFrameworksBuildPhase;
			buildActionMask = 2147483647;
			files = (
			);
			runOnlyForDeploymentPostprocessing = 0;
		};
/* End PBXFrameworksBuildPhase section */

/* Begin PBXGroup section */
		01AF18661C6BCC0800573C2E = {
			isa = PBXGroup;
			children = (
				01AF18711C6BCC0800573C2E /* BasicWeather */,
				01AF18701C6BCC0800573C2E /* Products */,
			);
			sourceTree = "<group>";
		};
		01AF18701C6BCC0800573C2E /* Products */ = {
			isa = PBXGroup;
			children = (
				01AF186F1C6BCC0800573C2E /* BasicWeather.app */,
			);
			name = Products;
			sourceTree = "<group>";
		};
		01AF18711C6BCC0800573C2E /* BasicWeather */ = {
			isa = PBXGroup;
			children = (
				01AF188E1C6C4FE100573C2E /* Controllers */,
				01AF188D1C6C4FD900573C2E /* Views */,
				01AF188C1C6C4FCF00573C2E /* Models */,
				01AF18791C6BCC0800573C2E /* Assets.xcassets */,
				01AF187B1C6BCC0800573C2E /* LaunchScreen.storyboard */,
				01AF187E1C6BCC0800573C2E /* Info.plist */,
				01AF18721C6BCC0800573C2E /* AppDelegate.swift */,
				01AF18931C6C5C9900573C2E /* Weather.swift */,
			);
			path = BasicWeather;
			sourceTree = "<group>";
		};
		01AF188C1C6C4FCF00573C2E /* Models */ = {
			isa = PBXGroup;
			children = (
				01AF18881C6C1A9600573C2E /* Network.swift */,
				01AF188A1C6C20BA00573C2E /* Forecast.swift */,
				01AF18861C6BCDD600573C2E /* CurrentWeather.swift */,
				01AF18911C6C585200573C2E /* Daily.swift */,
			);
			name = Models;
			sourceTree = "<group>";
		};
		01AF188D1C6C4FD900573C2E /* Views */ = {
			isa = PBXGroup;
			children = (
				01AF18761C6BCC0800573C2E /* Main.storyboard */,
				01C3CB591C6D13C800A39A75 /* DailyTableViewCell.swift */,
			);
			name = Views;
			sourceTree = "<group>";
		};
		01AF188E1C6C4FE100573C2E /* Controllers */ = {
			isa = PBXGroup;
			children = (
				01AF18741C6BCC0800573C2E /* ViewController.swift */,
			);
			name = Controllers;
			sourceTree = "<group>";
		};
/* End PBXGroup section */

/* Begin PBXNativeTarget section */
		01AF186E1C6BCC0800573C2E /* BasicWeather */ = {
			isa = PBXNativeTarget;
			buildConfigurationList = 01AF18811C6BCC0800573C2E /* Build configuration list for PBXNativeTarget "BasicWeather" */;
			buildPhases = (
				01AF186B1C6BCC0800573C2E /* Sources */,
				01AF186C1C6BCC0800573C2E /* Frameworks */,
				01AF186D1C6BCC0800573C2E /* Resources */,
			);
			buildRules = (
			);
			dependencies = (
			);
			name = BasicWeather;
			productName = BasicWeather;
			productReference = 01AF186F1C6BCC0800573C2E /* BasicWeather.app */;
			productType = "com.apple.product-type.application";
		};
/* End PBXNativeTarget section */

/* Begin PBXProject section */
		01AF18671C6BCC0800573C2E /* Project object */ = {
			isa = PBXProject;
			attributes = {
				LastSwiftUpdateCheck = 0720;
				LastUpgradeCheck = 0720;
				ORGANIZATIONNAME = Nick;
				TargetAttributes = {
					01AF186E1C6BCC0800573C2E = {
						CreatedOnToolsVersion = 7.2.1;
					};
				};
			};
			buildConfigurationList = 01AF186A1C6BCC0800573C2E /* Build configuration list for PBXProject "BasicWeather" */;
			compatibilityVersion = "Xcode 3.2";
			developmentRegion = English;
			hasScannedForEncodings = 0;
			knownRegions = (
				en,
				Base,
			);
			mainGroup = 01AF18661C6BCC0800573C2E;
			productRefGroup = 01AF18701C6BCC0800573C2E /* Products */;
			projectDirPath = "";
			projectRoot = "";
			targets = (
				01AF186E1C6BCC0800573C2E /* BasicWeather */,
			);
		};
/* End PBXProject section */

/* Begin PBXResourcesBuildPhase section */
		01AF186D1C6BCC0800573C2E /* Resources */ = {
			isa = PBXResourcesBuildPhase;
			buildActionMask = 2147483647;
			files = (
				01AF187D1C6BCC0800573C2E /* LaunchScreen.storyboard in Resources */,
				01AF187A1C6BCC0800573C2E /* Assets.xcassets in Resources */,
				01AF18781C6BCC0800573C2E /* Main.storyboard in Resources */,
			);
			runOnlyForDeploymentPostprocessing = 0;
		};
/* End PBXResourcesBuildPhase section */

/* Begin PBXSourcesBuildPhase section */
		01AF186B1C6BCC0800573C2E /* Sources */ = {
			isa = PBXSourcesBuildPhase;
			buildActionMask = 2147483647;
			files = (
				01C3CB5A1C6D13C800A39A75 /* DailyTableViewCell.swift in Sources */,
				01AF18941C6C5C9900573C2E /* Weather.swift in Sources */,
				01AF18751C6BCC0800573C2E /* ViewController.swift in Sources */,
				01AF18871C6BCDD600573C2E /* CurrentWeather.swift in Sources */,
				01AF18891C6C1A9600573C2E /* Network.swift in Sources */,
				01AF18731C6BCC0800573C2E /* AppDelegate.swift in Sources */,
				01AF188B1C6C20BA00573C2E /* Forecast.swift in Sources */,
				01AF18921C6C585200573C2E /* Daily.swift in Sources */,
			);
			runOnlyForDeploymentPostprocessing = 0;
		};
/* End PBXSourcesBuildPhase section */

/* Begin PBXVariantGroup section */
		01AF18761C6BCC0800573C2E /* Main.storyboard */ = {
			isa = PBXVariantGroup;
			children = (
				01AF18771C6BCC0800573C2E /* Base */,
			);
			name = Main.storyboard;
			sourceTree = "<group>";
		};
		01AF187B1C6BCC0800573C2E /* LaunchScreen.storyboard */ = {
			isa = PBXVariantGroup;
			children = (
				01AF187C1C6BCC0800573C2E /* Base */,
			);
			name = LaunchScreen.storyboard;
			sourceTree = "<group>";
		};
/* End PBXVariantGroup section */

/* Begin XCBuildConfiguration section */
		01AF187F1C6BCC0800573C2E /* Debug */ = {
			isa = XCBuildConfiguration;
			buildSettings = {
				ALWAYS_SEARCH_USER_PATHS = NO;
				CLANG_CXX_LANGUAGE_STANDARD = "gnu++0x";
				CLANG_CXX_LIBRARY = "libc++";
				CLANG_ENABLE_MODULES = YES;
				CLANG_ENABLE_OBJC_ARC = YES;
				CLANG_WARN_BOOL_CONVERSION = YES;
				CLANG_WARN_CONSTANT_CONVERSION = YES;
				CLANG_WARN_DIRECT_OBJC_ISA_USAGE = YES_ERROR;
				CLANG_WARN_EMPTY_BODY = YES;
				CLANG_WARN_ENUM_CONVERSION = YES;
				CLANG_WARN_INT_CONVERSION = YES;
				CLANG_WARN_OBJC_ROOT_CLASS = YES_ERROR;
				CLANG_WARN_UNREACHABLE_CODE = YES;
				CLANG_WARN__DUPLICATE_METHOD_MATCH = YES;
				"CODE_SIGN_IDENTITY[sdk=iphoneos*]" = "iPhone Developer";
				COPY_PHASE_STRIP = NO;
				DEBUG_INFORMATION_FORMAT = dwarf;
				ENABLE_STRICT_OBJC_MSGSEND = YES;
				ENABLE_TESTABILITY = YES;
				GCC_C_LANGUAGE_STANDARD = gnu99;
				GCC_DYNAMIC_NO_PIC = NO;
				GCC_NO_COMMON_BLOCKS = YES;
				GCC_OPTIMIZATION_LEVEL = 0;
				GCC_PREPROCESSOR_DEFINITIONS = (
					"DEBUG=1",
					"$(inherited)",
				);
				GCC_WARN_64_TO_32_BIT_CONVERSION = YES;
				GCC_WARN_ABOUT_RETURN_TYPE = YES_ERROR;
				GCC_WARN_UNDECLARED_SELECTOR = YES;
				GCC_WARN_UNINITIALIZED_AUTOS = YES_AGGRESSIVE;
				GCC_WARN_UNUSED_FUNCTION = YES;
				GCC_WARN_UNUSED_VARIABLE = YES;
				IPHONEOS_DEPLOYMENT_TARGET = 9.2;
				MTL_ENABLE_DEBUG_INFO = YES;
				ONLY_ACTIVE_ARCH = YES;
				SDKROOT = iphoneos;
				SWIFT_OPTIMIZATION_LEVEL = "-Onone";
				TARGETED_DEVICE_FAMILY = "1,2";
			};
			name = Debug;
		};
		01AF18801C6BCC0800573C2E /* Release */ = {
			isa = XCBuildConfiguration;
			buildSettings = {
				ALWAYS_SEARCH_USER_PATHS = NO;
				CLANG_CXX_LANGUAGE_STANDARD = "gnu++0x";
				CLANG_CXX_LIBRARY = "libc++";
				CLANG_ENABLE_MODULES = YES;
				CLANG_ENABLE_OBJC_ARC = YES;
				CLANG_WARN_BOOL_CONVERSION = YES;
				CLANG_WARN_CONSTANT_CONVERSION = YES;
				CLANG_WARN_DIRECT_OBJC_ISA_USAGE = YES_ERROR;
				CLANG_WARN_EMPTY_BODY = YES;
				CLANG_WARN_ENUM_CONVERSION = YES;
				CLANG_WARN_INT_CONVERSION = YES;
				CLANG_WARN_OBJC_ROOT_CLASS = YES_ERROR;
				CLANG_WARN_UNREACHABLE_CODE = YES;
				CLANG_WARN__DUPLICATE_METHOD_MATCH = YES;
				"CODE_SIGN_IDENTITY[sdk=iphoneos*]" = "iPhone Developer";
				COPY_PHASE_STRIP = NO;
				DEBUG_INFORMATION_FORMAT = "dwarf-with-dsym";
				ENABLE_NS_ASSERTIONS = NO;
				ENABLE_STRICT_OBJC_MSGSEND = YES;
				GCC_C_LANGUAGE_STANDARD = gnu99;
				GCC_NO_COMMON_BLOCKS = YES;
				GCC_WARN_64_TO_32_BIT_CONVERSION = YES;
				GCC_WARN_ABOUT_RETURN_TYPE = YES_ERROR;
				GCC_WARN_UNDECLARED_SELECTOR = YES;
				GCC_WARN_UNINITIALIZED_AUTOS = YES_AGGRESSIVE;
				GCC_WARN_UNUSED_FUNCTION = YES;
				GCC_WARN_UNUSED_VARIABLE = YES;
				IPHONEOS_DEPLOYMENT_TARGET = 9.2;
				MTL_ENABLE_DEBUG_INFO = NO;
				SDKROOT = iphoneos;
				TARGETED_DEVICE_FAMILY = "1,2";
				VALIDATE_PRODUCT = YES;
			};
			name = Release;
		};
		01AF18821C6BCC0800573C2E /* Debug */ = {
			isa = XCBuildConfiguration;
			buildSettings = {
				ASSETCATALOG_COMPILER_APPICON_NAME = AppIcon;
				INFOPLIST_FILE = BasicWeather/Info.plist;
				LD_RUNPATH_SEARCH_PATHS = "$(inherited) @executable_path/Frameworks";
				PRODUCT_BUNDLE_IDENTIFIER = com.nickcalabro.BasicWeather;
				PRODUCT_NAME = "$(TARGET_NAME)";
			};
			name = Debug;
		};
		01AF18831C6BCC0800573C2E /* Release */ = {
			isa = XCBuildConfiguration;
			buildSettings = {
				ASSETCATALOG_COMPILER_APPICON_NAME = AppIcon;
				INFOPLIST_FILE = BasicWeather/Info.plist;
				LD_RUNPATH_SEARCH_PATHS = "$(inherited) @executable_path/Frameworks";
				PRODUCT_BUNDLE_IDENTIFIER = com.nickcalabro.BasicWeather;
				PRODUCT_NAME = "$(TARGET_NAME)";
			};
			name = Release;
		};
/* End XCBuildConfiguration section */

/* Begin XCConfigurationList section */
		01AF186A1C6BCC0800573C2E /* Build configuration list for PBXProject "BasicWeather" */ = {
			isa = XCConfigurationList;
			buildConfigurations = (
				01AF187F1C6BCC0800573C2E /* Debug */,
				01AF18801C6BCC0800573C2E /* Release */,
			);
			defaultConfigurationIsVisible = 0;
			defaultConfigurationName = Release;
		};
		01AF18811C6BCC0800573C2E /* Build configuration list for PBXNativeTarget "BasicWeather" */ = {
			isa = XCConfigurationList;
			buildConfigurations = (
				01AF18821C6BCC0800573C2E /* Debug */,
				01AF18831C6BCC0800573C2E /* Release */,
			);
			defaultConfigurationIsVisible = 0;
			defaultConfigurationName = Release;
		};
/* End XCConfigurationList section */
	};
	rootObject = 01AF18671C6BCC0800573C2E /* Project object */;
}
